
Microsoft Visual Studio Solution File, Format Version 12.00
# Visual Studio Version 16
VisualStudioVersion = 16.0.31702.278
MinimumVisualStudioVersion = 10.0.40219.1
Project("{FAE04EC0-301F-11D3-BF4B-00C04F79EFBC}") = "Unit_teszt", "Unit_teszt\Unit_teszt.csproj", "{8E21CBA4-6278-4F67-96AF-6D2C5B68266B}"
EndProject
Global
	GlobalSection(SolutionConfigurationPlatforms) = preSolution
		Debug|Any CPU = Debug|Any CPU
		Release|Any CPU = Release|Any CPU
	EndGlobalSection
	GlobalSection(ProjectConfigurationPlatforms) = postSolution
		{8E21CBA4-6278-4F67-96AF-6D2C5B68266B}.Debug|Any CPU.ActiveCfg = Debug|Any CPU
		{8E21CBA4-6278-4F67-96AF-6D2C5B68266B}.Debug|Any CPU.Build.0 = Debug|Any CPU
		{8E21CBA4-6278-4F67-96AF-6D2C5B68266B}.Release|Any CPU.ActiveCfg = Release|Any CPU
		{8E21CBA4-6278-4F67-96AF-6D2C5B68266B}.Release|Any CPU.Build.0 = Release|Any CPU
	EndGlobalSection
	GlobalSection(SolutionProperties) = preSolution
		HideSolutionNode = FALSE
	EndGlobalSection
	GlobalSection(ExtensibilityGlobals) = postSolution
		SolutionGuid = {EDE2BA03-E367-46FE-A976-11526720C229}
	EndGlobalSection
EndGlobal
