
Microsoft Visual Studio Solution File, Format Version 12.00
# Visual Studio Version 16
VisualStudioVersion = 16.0.31702.278
MinimumVisualStudioVersion = 10.0.40219.1
Project("{FAE04EC0-301F-11D3-BF4B-00C04F79EFBC}") = "minthaZH", "minthaZH\minthaZH.csproj", "{5AF99FEA-864F-4D54-859D-F09495F3ACB2}"
EndProject
Global
	GlobalSection(SolutionConfigurationPlatforms) = preSolution
		Debug|Any CPU = Debug|Any CPU
		Release|Any CPU = Release|Any CPU
	EndGlobalSection
	GlobalSection(ProjectConfigurationPlatforms) = postSolution
		{5AF99FEA-864F-4D54-859D-F09495F3ACB2}.Debug|Any CPU.ActiveCfg = Debug|Any CPU
		{5AF99FEA-864F-4D54-859D-F09495F3ACB2}.Debug|Any CPU.Build.0 = Debug|Any CPU
		{5AF99FEA-864F-4D54-859D-F09495F3ACB2}.Release|Any CPU.ActiveCfg = Release|Any CPU
		{5AF99FEA-864F-4D54-859D-F09495F3ACB2}.Release|Any CPU.Build.0 = Release|Any CPU
	EndGlobalSection
	GlobalSection(SolutionProperties) = preSolution
		HideSolutionNode = FALSE
	EndGlobalSection
	GlobalSection(ExtensibilityGlobals) = postSolution
		SolutionGuid = {7E1FFA0F-9EAF-4A41-A466-BDE87F7593FA}
	EndGlobalSection
EndGlobal
